// !$*UTF8*$!
{
	archiveVersion = 1;
	classes = {
	};
	objectVersion = 48;
	objects = {

/* Begin PBXBuildFile section */
		234EB8D005309D184DCA6B2A /* Pods_Frases_Divinas.framework in Frameworks */ = {isa = PBXBuildFile; fileRef = 1523FF2599F785DB8CD5DDF8 /* Pods_Frases_Divinas.framework */; };
		7D1A43BC2603D45B00E53741 /* AppCoordinator.swift in Sources */ = {isa = PBXBuildFile; fileRef = 7D1A43BB2603D45B00E53741 /* AppCoordinator.swift */; };
		A70052DE206B236B0090B64A /* Image.swift in Sources */ = {isa = PBXBuildFile; fileRef = A70052DD206B236B0090B64A /* Image.swift */; };
		A746733120751F1400DBE0DC /* Usuario.swift in Sources */ = {isa = PBXBuildFile; fileRef = A746733020751F1400DBE0DC /* Usuario.swift */; };
		A7587CC1203E4D7D003060DE /* AppDelegate.swift in Sources */ = {isa = PBXBuildFile; fileRef = A7587CC0203E4D7D003060DE /* AppDelegate.swift */; };
		A7587CC6203E4D7D003060DE /* Main.storyboard in Resources */ = {isa = PBXBuildFile; fileRef = A7587CC4203E4D7D003060DE /* Main.storyboard */; };
		A7587CC8203E4D7D003060DE /* Assets.xcassets in Resources */ = {isa = PBXBuildFile; fileRef = A7587CC7203E4D7D003060DE /* Assets.xcassets */; };
		A7587CCB203E4D7D003060DE /* LaunchScreen.storyboard in Resources */ = {isa = PBXBuildFile; fileRef = A7587CC9203E4D7D003060DE /* LaunchScreen.storyboard */; };
		A7587CD5203E4F26003060DE /* TableViewController.swift in Sources */ = {isa = PBXBuildFile; fileRef = A7587CD4203E4F26003060DE /* TableViewController.swift */; };
		A75D65A8207A802F00A4F885 /* SignUpTableViewController.swift in Sources */ = {isa = PBXBuildFile; fileRef = A75D65A7207A802F00A4F885 /* SignUpTableViewController.swift */; };
		A75D65AA207C207200A4F885 /* LoginViewController.swift in Sources */ = {isa = PBXBuildFile; fileRef = A75D65A9207C207200A4F885 /* LoginViewController.swift */; };
		A75D65AC207C298900A4F885 /* SingInTableViewController.swift in Sources */ = {isa = PBXBuildFile; fileRef = A75D65AB207C298900A4F885 /* SingInTableViewController.swift */; };
		A75D65AE208080AD00A4F885 /* GlobalVCExtension.swift in Sources */ = {isa = PBXBuildFile; fileRef = A75D65AD208080AD00A4F885 /* GlobalVCExtension.swift */; };
		A75D65B52080F5F600A4F885 /* Reachability.swift in Sources */ = {isa = PBXBuildFile; fileRef = A75D65B42080F5F600A4F885 /* Reachability.swift */; };
		A7A6A479204704DB008DDA5F /* Frase.swift in Sources */ = {isa = PBXBuildFile; fileRef = A7A6A478204704DB008DDA5F /* Frase.swift */; };
		A7ADEC18206B0D040007312C /* FirebaseRefs.swift in Sources */ = {isa = PBXBuildFile; fileRef = A7ADEC17206B0D040007312C /* FirebaseRefs.swift */; };
		A7B482FF203F611A00E0346B /* GoogleService-Info.plist in Resources */ = {isa = PBXBuildFile; fileRef = A7B482FE203F611A00E0346B /* GoogleService-Info.plist */; };
/* End PBXBuildFile section */

/* Begin PBXFileReference section */
		1523FF2599F785DB8CD5DDF8 /* Pods_Frases_Divinas.framework */ = {isa = PBXFileReference; explicitFileType = wrapper.framework; includeInIndex = 0; path = Pods_Frases_Divinas.framework; sourceTree = BUILT_PRODUCTS_DIR; };
		19AC0A2071F2D4AABC6791EB /* Pods-Frases Divinas.debug.xcconfig */ = {isa = PBXFileReference; includeInIndex = 1; lastKnownFileType = text.xcconfig; name = "Pods-Frases Divinas.debug.xcconfig"; path = "Pods/Target Support Files/Pods-Frases Divinas/Pods-Frases Divinas.debug.xcconfig"; sourceTree = "<group>"; };
		7D1A43BB2603D45B00E53741 /* AppCoordinator.swift */ = {isa = PBXFileReference; lastKnownFileType = sourcecode.swift; path = AppCoordinator.swift; sourceTree = "<group>"; };
		91BDFC5ABD90DC18E2A44A82 /* Pods-Frases Divinas.release.xcconfig */ = {isa = PBXFileReference; includeInIndex = 1; lastKnownFileType = text.xcconfig; name = "Pods-Frases Divinas.release.xcconfig"; path = "Pods/Target Support Files/Pods-Frases Divinas/Pods-Frases Divinas.release.xcconfig"; sourceTree = "<group>"; };
		A70052DD206B236B0090B64A /* Image.swift */ = {isa = PBXFileReference; lastKnownFileType = sourcecode.swift; path = Image.swift; sourceTree = "<group>"; };
		A746733020751F1400DBE0DC /* Usuario.swift */ = {isa = PBXFileReference; lastKnownFileType = sourcecode.swift; path = Usuario.swift; sourceTree = "<group>"; };
		A7587CBD203E4D7D003060DE /* Frases Divinas.app */ = {isa = PBXFileReference; explicitFileType = wrapper.application; includeInIndex = 0; path = "Frases Divinas.app"; sourceTree = BUILT_PRODUCTS_DIR; };
		A7587CC0203E4D7D003060DE /* AppDelegate.swift */ = {isa = PBXFileReference; lastKnownFileType = sourcecode.swift; path = AppDelegate.swift; sourceTree = "<group>"; };
		A7587CC5203E4D7D003060DE /* Base */ = {isa = PBXFileReference; lastKnownFileType = file.storyboard; name = Base; path = Base.lproj/Main.storyboard; sourceTree = "<group>"; };
		A7587CC7203E4D7D003060DE /* Assets.xcassets */ = {isa = PBXFileReference; lastKnownFileType = folder.assetcatalog; path = Assets.xcassets; sourceTree = "<group>"; };
		A7587CCA203E4D7D003060DE /* Base */ = {isa = PBXFileReference; lastKnownFileType = file.storyboard; name = Base; path = Base.lproj/LaunchScreen.storyboard; sourceTree = "<group>"; };
		A7587CCC203E4D7D003060DE /* Info.plist */ = {isa = PBXFileReference; lastKnownFileType = text.plist.xml; path = Info.plist; sourceTree = "<group>"; };
		A7587CD4203E4F26003060DE /* TableViewController.swift */ = {isa = PBXFileReference; lastKnownFileType = sourcecode.swift; path = TableViewController.swift; sourceTree = "<group>"; };
		A75D65A7207A802F00A4F885 /* SignUpTableViewController.swift */ = {isa = PBXFileReference; lastKnownFileType = sourcecode.swift; path = SignUpTableViewController.swift; sourceTree = "<group>"; };
		A75D65A9207C207200A4F885 /* LoginViewController.swift */ = {isa = PBXFileReference; lastKnownFileType = sourcecode.swift; path = LoginViewController.swift; sourceTree = "<group>"; };
		A75D65AB207C298900A4F885 /* SingInTableViewController.swift */ = {isa = PBXFileReference; lastKnownFileType = sourcecode.swift; path = SingInTableViewController.swift; sourceTree = "<group>"; };
		A75D65AD208080AD00A4F885 /* GlobalVCExtension.swift */ = {isa = PBXFileReference; lastKnownFileType = sourcecode.swift; path = GlobalVCExtension.swift; sourceTree = "<group>"; };
		A75D65B42080F5F600A4F885 /* Reachability.swift */ = {isa = PBXFileReference; lastKnownFileType = sourcecode.swift; path = Reachability.swift; sourceTree = "<group>"; };
		A7A6A478204704DB008DDA5F /* Frase.swift */ = {isa = PBXFileReference; lastKnownFileType = sourcecode.swift; path = Frase.swift; sourceTree = "<group>"; };
		A7ADEC17206B0D040007312C /* FirebaseRefs.swift */ = {isa = PBXFileReference; lastKnownFileType = sourcecode.swift; path = FirebaseRefs.swift; sourceTree = "<group>"; };
		A7B482FE203F611A00E0346B /* GoogleService-Info.plist */ = {isa = PBXFileReference; fileEncoding = 4; lastKnownFileType = text.plist.xml; path = "GoogleService-Info.plist"; sourceTree = "<group>"; };
/* End PBXFileReference section */

/* Begin PBXFrameworksBuildPhase section */
		A7587CBA203E4D7D003060DE /* Frameworks */ = {
			isa = PBXFrameworksBuildPhase;
			buildActionMask = 2147483647;
			files = (
				234EB8D005309D184DCA6B2A /* Pods_Frases_Divinas.framework in Frameworks */,
			);
			runOnlyForDeploymentPostprocessing = 0;
		};
/* End PBXFrameworksBuildPhase section */

/* Begin PBXGroup section */
		555257B13482015AEC0CE019 /* Frameworks */ = {
			isa = PBXGroup;
			children = (
				1523FF2599F785DB8CD5DDF8 /* Pods_Frases_Divinas.framework */,
			);
			name = Frameworks;
			sourceTree = "<group>";
		};
		59B097AE2B3722ACA0B531AA /* Pods */ = {
			isa = PBXGroup;
			children = (
				19AC0A2071F2D4AABC6791EB /* Pods-Frases Divinas.debug.xcconfig */,
				91BDFC5ABD90DC18E2A44A82 /* Pods-Frases Divinas.release.xcconfig */,
			);
			name = Pods;
			sourceTree = "<group>";
		};
		7D1A43BA2603D44900E53741 /* Coordinator */ = {
			isa = PBXGroup;
			children = (
				7D1A43BB2603D45B00E53741 /* AppCoordinator.swift */,
			);
			path = Coordinator;
			sourceTree = "<group>";
		};
		A7587CB4203E4D7D003060DE = {
			isa = PBXGroup;
			children = (
				A7587CBF203E4D7D003060DE /* Frases Divinas */,
				A7587CBE203E4D7D003060DE /* Products */,
				59B097AE2B3722ACA0B531AA /* Pods */,
				555257B13482015AEC0CE019 /* Frameworks */,
			);
			sourceTree = "<group>";
		};
		A7587CBE203E4D7D003060DE /* Products */ = {
			isa = PBXGroup;
			children = (
				A7587CBD203E4D7D003060DE /* Frases Divinas.app */,
			);
			name = Products;
			sourceTree = "<group>";
		};
		A7587CBF203E4D7D003060DE /* Frases Divinas */ = {
			isa = PBXGroup;
			children = (
				7D1A43BA2603D44900E53741 /* Coordinator */,
				A7587CC0203E4D7D003060DE /* AppDelegate.swift */,
				A7ADEC16206B0CA90007312C /* Controller */,
				A7ADEC15206B0C920007312C /* Model */,
				A7587CC4203E4D7D003060DE /* Main.storyboard */,
				A7587CC7203E4D7D003060DE /* Assets.xcassets */,
				A7587CC9203E4D7D003060DE /* LaunchScreen.storyboard */,
				A7B482FE203F611A00E0346B /* GoogleService-Info.plist */,
				A7587CCC203E4D7D003060DE /* Info.plist */,
			);
			path = "Frases Divinas";
			sourceTree = "<group>";
		};
		A75D65AF2080DB8600A4F885 /* Extensions */ = {
			isa = PBXGroup;
			children = (
				A75D65AD208080AD00A4F885 /* GlobalVCExtension.swift */,
				A75D65B42080F5F600A4F885 /* Reachability.swift */,
			);
			path = Extensions;
			sourceTree = "<group>";
		};
		A7ADEC15206B0C920007312C /* Model */ = {
			isa = PBXGroup;
			children = (
				A7A6A478204704DB008DDA5F /* Frase.swift */,
				A7ADEC17206B0D040007312C /* FirebaseRefs.swift */,
				A70052DD206B236B0090B64A /* Image.swift */,
				A746733020751F1400DBE0DC /* Usuario.swift */,
			);
			path = Model;
			sourceTree = "<group>";
		};
		A7ADEC16206B0CA90007312C /* Controller */ = {
			isa = PBXGroup;
			children = (
				A7587CD4203E4F26003060DE /* TableViewController.swift */,
				A75D65A7207A802F00A4F885 /* SignUpTableViewController.swift */,
				A75D65AB207C298900A4F885 /* SingInTableViewController.swift */,
				A75D65A9207C207200A4F885 /* LoginViewController.swift */,
				A75D65AF2080DB8600A4F885 /* Extensions */,
			);
			path = Controller;
			sourceTree = "<group>";
		};
/* End PBXGroup section */

/* Begin PBXNativeTarget section */
		A7587CBC203E4D7D003060DE /* Frases Divinas */ = {
			isa = PBXNativeTarget;
			buildConfigurationList = A7587CCF203E4D7E003060DE /* Build configuration list for PBXNativeTarget "Frases Divinas" */;
			buildPhases = (
				B24802E6EB931D602ECF92E7 /* [CP] Check Pods Manifest.lock */,
				A7587CB9203E4D7D003060DE /* Sources */,
				A7587CBA203E4D7D003060DE /* Frameworks */,
				A7587CBB203E4D7D003060DE /* Resources */,
				8902D55DD5A46551D669F2FE /* [CP] Embed Pods Frameworks */,
			);
			buildRules = (
			);
			dependencies = (
			);
			name = "Frases Divinas";
			productName = "Frases Divinas";
			productReference = A7587CBD203E4D7D003060DE /* Frases Divinas.app */;
			productType = "com.apple.product-type.application";
		};
/* End PBXNativeTarget section */

/* Begin PBXProject section */
		A7587CB5203E4D7D003060DE /* Project object */ = {
			isa = PBXProject;
			attributes = {
				LastSwiftUpdateCheck = 0920;
				LastUpgradeCheck = 1240;
				ORGANIZATIONNAME = "Filipe Merli";
				TargetAttributes = {
					A7587CBC203E4D7D003060DE = {
						CreatedOnToolsVersion = 9.2;
						LastSwiftMigration = 1240;
						ProvisioningStyle = Automatic;
					};
				};
			};
			buildConfigurationList = A7587CB8203E4D7D003060DE /* Build configuration list for PBXProject "Frases Divinas" */;
			compatibilityVersion = "Xcode 8.0";
			developmentRegion = en;
			hasScannedForEncodings = 0;
			knownRegions = (
				en,
				Base,
			);
			mainGroup = A7587CB4203E4D7D003060DE;
			productRefGroup = A7587CBE203E4D7D003060DE /* Products */;
			projectDirPath = "";
			projectRoot = "";
			targets = (
				A7587CBC203E4D7D003060DE /* Frases Divinas */,
			);
		};
/* End PBXProject section */

/* Begin PBXResourcesBuildPhase section */
		A7587CBB203E4D7D003060DE /* Resources */ = {
			isa = PBXResourcesBuildPhase;
			buildActionMask = 2147483647;
			files = (
				A7587CCB203E4D7D003060DE /* LaunchScreen.storyboard in Resources */,
				A7B482FF203F611A00E0346B /* GoogleService-Info.plist in Resources */,
				A7587CC8203E4D7D003060DE /* Assets.xcassets in Resources */,
				A7587CC6203E4D7D003060DE /* Main.storyboard in Resources */,
			);
			runOnlyForDeploymentPostprocessing = 0;
		};
/* End PBXResourcesBuildPhase section */

/* Begin PBXShellScriptBuildPhase section */
		8902D55DD5A46551D669F2FE /* [CP] Embed Pods Frameworks */ = {
			isa = PBXShellScriptBuildPhase;
			buildActionMask = 2147483647;
			files = (
			);
			inputPaths = (
				"${PODS_ROOT}/Target Support Files/Pods-Frases Divinas/Pods-Frases Divinas-frameworks.sh",
				"${BUILT_PRODUCTS_DIR}/BoringSSL-GRPC/openssl_grpc.framework",
				"${BUILT_PRODUCTS_DIR}/GTMSessionFetcher/GTMSessionFetcher.framework",
				"${BUILT_PRODUCTS_DIR}/GoogleToolboxForMac/GoogleToolboxForMac.framework",
				"${BUILT_PRODUCTS_DIR}/Protobuf/Protobuf.framework",
				"${BUILT_PRODUCTS_DIR}/abseil/absl.framework",
				"${BUILT_PRODUCTS_DIR}/gRPC-Core/grpc.framework",
				"${BUILT_PRODUCTS_DIR}/gRPC-ProtoRPC/ProtoRPC.framework",
				"${BUILT_PRODUCTS_DIR}/gRPC-RxLibrary/RxLibrary.framework",
				"${BUILT_PRODUCTS_DIR}/gRPC/GRPCClient.framework",
				"${BUILT_PRODUCTS_DIR}/leveldb-library/leveldb.framework",
				"${BUILT_PRODUCTS_DIR}/nanopb/nanopb.framework",
			);
			name = "[CP] Embed Pods Frameworks";
			outputPaths = (
				"${TARGET_BUILD_DIR}/${FRAMEWORKS_FOLDER_PATH}/openssl_grpc.framework",
				"${TARGET_BUILD_DIR}/${FRAMEWORKS_FOLDER_PATH}/GTMSessionFetcher.framework",
				"${TARGET_BUILD_DIR}/${FRAMEWORKS_FOLDER_PATH}/GoogleToolboxForMac.framework",
				"${TARGET_BUILD_DIR}/${FRAMEWORKS_FOLDER_PATH}/Protobuf.framework",
				"${TARGET_BUILD_DIR}/${FRAMEWORKS_FOLDER_PATH}/absl.framework",
				"${TARGET_BUILD_DIR}/${FRAMEWORKS_FOLDER_PATH}/grpc.framework",
				"${TARGET_BUILD_DIR}/${FRAMEWORKS_FOLDER_PATH}/ProtoRPC.framework",
				"${TARGET_BUILD_DIR}/${FRAMEWORKS_FOLDER_PATH}/RxLibrary.framework",
				"${TARGET_BUILD_DIR}/${FRAMEWORKS_FOLDER_PATH}/GRPCClient.framework",
				"${TARGET_BUILD_DIR}/${FRAMEWORKS_FOLDER_PATH}/leveldb.framework",
				"${TARGET_BUILD_DIR}/${FRAMEWORKS_FOLDER_PATH}/nanopb.framework",
			);
			runOnlyForDeploymentPostprocessing = 0;
			shellPath = /bin/sh;
			shellScript = "\"${PODS_ROOT}/Target Support Files/Pods-Frases Divinas/Pods-Frases Divinas-frameworks.sh\"\n";
			showEnvVarsInLog = 0;
		};
		B24802E6EB931D602ECF92E7 /* [CP] Check Pods Manifest.lock */ = {
			isa = PBXShellScriptBuildPhase;
			buildActionMask = 2147483647;
			files = (
			);
			inputPaths = (
				"${PODS_PODFILE_DIR_PATH}/Podfile.lock",
				"${PODS_ROOT}/Manifest.lock",
			);
			name = "[CP] Check Pods Manifest.lock";
			outputPaths = (
				"$(DERIVED_FILE_DIR)/Pods-Frases Divinas-checkManifestLockResult.txt",
			);
			runOnlyForDeploymentPostprocessing = 0;
			shellPath = /bin/sh;
			shellScript = "diff \"${PODS_PODFILE_DIR_PATH}/Podfile.lock\" \"${PODS_ROOT}/Manifest.lock\" > /dev/null\nif [ $? != 0 ] ; then\n    # print error to STDERR\n    echo \"error: The sandbox is not in sync with the Podfile.lock. Run 'pod install' or update your CocoaPods installation.\" >&2\n    exit 1\nfi\n# This output is used by Xcode 'outputs' to avoid re-running this script phase.\necho \"SUCCESS\" > \"${SCRIPT_OUTPUT_FILE_0}\"\n";
			showEnvVarsInLog = 0;
		};
/* End PBXShellScriptBuildPhase section */

/* Begin PBXSourcesBuildPhase section */
		A7587CB9203E4D7D003060DE /* Sources */ = {
			isa = PBXSourcesBuildPhase;
			buildActionMask = 2147483647;
			files = (
				7D1A43BC2603D45B00E53741 /* AppCoordinator.swift in Sources */,
				A7587CC1203E4D7D003060DE /* AppDelegate.swift in Sources */,
				A7587CD5203E4F26003060DE /* TableViewController.swift in Sources */,
				A746733120751F1400DBE0DC /* Usuario.swift in Sources */,
				A7ADEC18206B0D040007312C /* FirebaseRefs.swift in Sources */,
				A75D65AA207C207200A4F885 /* LoginViewController.swift in Sources */,
				A75D65A8207A802F00A4F885 /* SignUpTableViewController.swift in Sources */,
				A7A6A479204704DB008DDA5F /* Frase.swift in Sources */,
				A75D65B52080F5F600A4F885 /* Reachability.swift in Sources */,
				A75D65AE208080AD00A4F885 /* GlobalVCExtension.swift in Sources */,
				A70052DE206B236B0090B64A /* Image.swift in Sources */,
				A75D65AC207C298900A4F885 /* SingInTableViewController.swift in Sources */,
			);
			runOnlyForDeploymentPostprocessing = 0;
		};
/* End PBXSourcesBuildPhase section */

/* Begin PBXVariantGroup section */
		A7587CC4203E4D7D003060DE /* Main.storyboard */ = {
			isa = PBXVariantGroup;
			children = (
				A7587CC5203E4D7D003060DE /* Base */,
			);
			name = Main.storyboard;
			sourceTree = "<group>";
		};
		A7587CC9203E4D7D003060DE /* LaunchScreen.storyboard */ = {
			isa = PBXVariantGroup;
			children = (
				A7587CCA203E4D7D003060DE /* Base */,
			);
			name = LaunchScreen.storyboard;
			sourceTree = "<group>";
		};
/* End PBXVariantGroup section */

/* Begin XCBuildConfiguration section */
		A7587CCD203E4D7E003060DE /* Debug */ = {
			isa = XCBuildConfiguration;
			buildSettings = {
				ALWAYS_SEARCH_USER_PATHS = NO;
				CLANG_ANALYZER_NONNULL = YES;
				CLANG_ANALYZER_NUMBER_OBJECT_CONVERSION = YES_AGGRESSIVE;
				CLANG_CXX_LANGUAGE_STANDARD = "gnu++14";
				CLANG_CXX_LIBRARY = "libc++";
				CLANG_ENABLE_MODULES = YES;
				CLANG_ENABLE_OBJC_ARC = YES;
				CLANG_WARN_BLOCK_CAPTURE_AUTORELEASING = YES;
				CLANG_WARN_BOOL_CONVERSION = YES;
				CLANG_WARN_COMMA = YES;
				CLANG_WARN_CONSTANT_CONVERSION = YES;
				CLANG_WARN_DEPRECATED_OBJC_IMPLEMENTATIONS = YES;
				CLANG_WARN_DIRECT_OBJC_ISA_USAGE = YES_ERROR;
				CLANG_WARN_DOCUMENTATION_COMMENTS = YES;
				CLANG_WARN_EMPTY_BODY = YES;
				CLANG_WARN_ENUM_CONVERSION = YES;
				CLANG_WARN_INFINITE_RECURSION = YES;
				CLANG_WARN_INT_CONVERSION = YES;
				CLANG_WARN_NON_LITERAL_NULL_CONVERSION = YES;
				CLANG_WARN_OBJC_IMPLICIT_RETAIN_SELF = YES;
				CLANG_WARN_OBJC_LITERAL_CONVERSION = YES;
				CLANG_WARN_OBJC_ROOT_CLASS = YES_ERROR;
				CLANG_WARN_QUOTED_INCLUDE_IN_FRAMEWORK_HEADER = YES;
				CLANG_WARN_RANGE_LOOP_ANALYSIS = YES;
				CLANG_WARN_STRICT_PROTOTYPES = YES;
				CLANG_WARN_SUSPICIOUS_MOVE = YES;
				CLANG_WARN_UNGUARDED_AVAILABILITY = YES_AGGRESSIVE;
				CLANG_WARN_UNREACHABLE_CODE = YES;
				CLANG_WARN__DUPLICATE_METHOD_MATCH = YES;
				CODE_SIGN_IDENTITY = "iPhone Developer";
				COPY_PHASE_STRIP = NO;
				DEBUG_INFORMATION_FORMAT = dwarf;
				ENABLE_STRICT_OBJC_MSGSEND = YES;
				ENABLE_TESTABILITY = YES;
				GCC_C_LANGUAGE_STANDARD = gnu11;
				GCC_DYNAMIC_NO_PIC = NO;
				GCC_NO_COMMON_BLOCKS = YES;
				GCC_OPTIMIZATION_LEVEL = 0;
				GCC_PREPROCESSOR_DEFINITIONS = (
					"DEBUG=1",
					"$(inherited)",
				);
				GCC_WARN_64_TO_32_BIT_CONVERSION = YES;
				GCC_WARN_ABOUT_RETURN_TYPE = YES_ERROR;
				GCC_WARN_UNDECLARED_SELECTOR = YES;
				GCC_WARN_UNINITIALIZED_AUTOS = YES_AGGRESSIVE;
				GCC_WARN_UNUSED_FUNCTION = YES;
				GCC_WARN_UNUSED_VARIABLE = YES;
				IPHONEOS_DEPLOYMENT_TARGET = 15.1;
				MTL_ENABLE_DEBUG_INFO = YES;
				ONLY_ACTIVE_ARCH = YES;
				SDKROOT = iphoneos;
				SWIFT_ACTIVE_COMPILATION_CONDITIONS = DEBUG;
				SWIFT_OPTIMIZATION_LEVEL = "-Onone";
			};
			name = Debug;
		};
		A7587CCE203E4D7E003060DE /* Release */ = {
			isa = XCBuildConfiguration;
			buildSettings = {
				ALWAYS_SEARCH_USER_PATHS = NO;
				CLANG_ANALYZER_NONNULL = YES;
				CLANG_ANALYZER_NUMBER_OBJECT_CONVERSION = YES_AGGRESSIVE;
				CLANG_CXX_LANGUAGE_STANDARD = "gnu++14";
				CLANG_CXX_LIBRARY = "libc++";
				CLANG_ENABLE_MODULES = YES;
				CLANG_ENABLE_OBJC_ARC = YES;
				CLANG_WARN_BLOCK_CAPTURE_AUTORELEASING = YES;
				CLANG_WARN_BOOL_CONVERSION = YES;
				CLANG_WARN_COMMA = YES;
				CLANG_WARN_CONSTANT_CONVERSION = YES;
				CLANG_WARN_DEPRECATED_OBJC_IMPLEMENTATIONS = YES;
				CLANG_WARN_DIRECT_OBJC_ISA_USAGE = YES_ERROR;
				CLANG_WARN_DOCUMENTATION_COMMENTS = YES;
				CLANG_WARN_EMPTY_BODY = YES;
				CLANG_WARN_ENUM_CONVERSION = YES;
				CLANG_WARN_INFINITE_RECURSION = YES;
				CLANG_WARN_INT_CONVERSION = YES;
				CLANG_WARN_NON_LITERAL_NULL_CONVERSION = YES;
				CLANG_WARN_OBJC_IMPLICIT_RETAIN_SELF = YES;
				CLANG_WARN_OBJC_LITERAL_CONVERSION = YES;
				CLANG_WARN_OBJC_ROOT_CLASS = YES_ERROR;
				CLANG_WARN_QUOTED_INCLUDE_IN_FRAMEWORK_HEADER = YES;
				CLANG_WARN_RANGE_LOOP_ANALYSIS = YES;
				CLANG_WARN_STRICT_PROTOTYPES = YES;
				CLANG_WARN_SUSPICIOUS_MOVE = YES;
				CLANG_WARN_UNGUARDED_AVAILABILITY = YES_AGGRESSIVE;
				CLANG_WARN_UNREACHABLE_CODE = YES;
				CLANG_WARN__DUPLICATE_METHOD_MATCH = YES;
				CODE_SIGN_IDENTITY = "iPhone Developer";
				COPY_PHASE_STRIP = NO;
				DEBUG_INFORMATION_FORMAT = "dwarf-with-dsym";
				ENABLE_NS_ASSERTIONS = NO;
				ENABLE_STRICT_OBJC_MSGSEND = YES;
				GCC_C_LANGUAGE_STANDARD = gnu11;
				GCC_NO_COMMON_BLOCKS = YES;
				GCC_WARN_64_TO_32_BIT_CONVERSION = YES;
				GCC_WARN_ABOUT_RETURN_TYPE = YES_ERROR;
				GCC_WARN_UNDECLARED_SELECTOR = YES;
				GCC_WARN_UNINITIALIZED_AUTOS = YES_AGGRESSIVE;
				GCC_WARN_UNUSED_FUNCTION = YES;
				GCC_WARN_UNUSED_VARIABLE = YES;
				IPHONEOS_DEPLOYMENT_TARGET = 15.1;
				MTL_ENABLE_DEBUG_INFO = NO;
				SDKROOT = iphoneos;
				SWIFT_OPTIMIZATION_LEVEL = "-Owholemodule";
				VALIDATE_PRODUCT = YES;
			};
			name = Release;
		};
		A7587CD0203E4D7E003060DE /* Debug */ = {
			isa = XCBuildConfiguration;
			baseConfigurationReference = 19AC0A2071F2D4AABC6791EB /* Pods-Frases Divinas.debug.xcconfig */;
			buildSettings = {
				ASSETCATALOG_COMPILER_APPICON_NAME = AppIcon;
				CODE_SIGN_IDENTITY = "Apple Development";
				CODE_SIGN_STYLE = Automatic;
				CURRENT_PROJECT_VERSION = 0;
				DEVELOPMENT_TEAM = M2Z8KTGT88;
				INFOPLIST_FILE = "Frases Divinas/Info.plist";
				INFOPLIST_KEY_CFBundleDisplayName = "Share Your Smile";
				INFOPLIST_KEY_LSApplicationCategoryType = "public.app-category.social-networking";
				IPHONEOS_DEPLOYMENT_TARGET = 15.1;
				LD_RUNPATH_SEARCH_PATHS = "$(inherited) @executable_path/Frameworks";
				MARKETING_VERSION = 2;
				PRODUCT_BUNDLE_IDENTIFIER = com.filipemerli.frasesdivinas;
				PRODUCT_NAME = "$(TARGET_NAME)";
				PROVISIONING_PROFILE_SPECIFIER = "";
				SUPPORTED_PLATFORMS = "iphoneos iphonesimulator";
				SUPPORTS_MACCATALYST = NO;
				SUPPORTS_MAC_DESIGNED_FOR_IPHONE_IPAD = NO;
				SWIFT_VERSION = 5.0;
				TARGETED_DEVICE_FAMILY = 1;
			};
			name = Debug;
		};
		A7587CD1203E4D7E003060DE /* Release */ = {
			isa = XCBuildConfiguration;
			baseConfigurationReference = 91BDFC5ABD90DC18E2A44A82 /* Pods-Frases Divinas.release.xcconfig */;
			buildSettings = {
				ASSETCATALOG_COMPILER_APPICON_NAME = AppIcon;
				CODE_SIGN_IDENTITY = "Apple Development";
				CODE_SIGN_STYLE = Automatic;
				CURRENT_PROJECT_VERSION = 0;
				DEVELOPMENT_TEAM = M2Z8KTGT88;
				INFOPLIST_FILE = "Frases Divinas/Info.plist";
				INFOPLIST_KEY_CFBundleDisplayName = "Share Your Smile";
				INFOPLIST_KEY_LSApplicationCategoryType = "public.app-category.social-networking";
				IPHONEOS_DEPLOYMENT_TARGET = 15.1;
				LD_RUNPATH_SEARCH_PATHS = "$(inherited) @executable_path/Frameworks";
				MARKETING_VERSION = 2;
				PRODUCT_BUNDLE_IDENTIFIER = com.filipemerli.frasesdivinas;
				PRODUCT_NAME = "$(TARGET_NAME)";
				PROVISIONING_PROFILE_SPECIFIER = "";
				SUPPORTED_PLATFORMS = "iphoneos iphonesimulator";
				SUPPORTS_MACCATALYST = NO;
				SUPPORTS_MAC_DESIGNED_FOR_IPHONE_IPAD = NO;
				SWIFT_VERSION = 5.0;
				TARGETED_DEVICE_FAMILY = 1;
			};
			name = Release;
		};
/* End XCBuildConfiguration section */

/* Begin XCConfigurationList section */
		A7587CB8203E4D7D003060DE /* Build configuration list for PBXProject "Frases Divinas" */ = {
			isa = XCConfigurationList;
			buildConfigurations = (
				A7587CCD203E4D7E003060DE /* Debug */,
				A7587CCE203E4D7E003060DE /* Release */,
			);
			defaultConfigurationIsVisible = 0;
			defaultConfigurationName = Release;
		};
		A7587CCF203E4D7E003060DE /* Build configuration list for PBXNativeTarget "Frases Divinas" */ = {
			isa = XCConfigurationList;
			buildConfigurations = (
				A7587CD0203E4D7E003060DE /* Debug */,
				A7587CD1203E4D7E003060DE /* Release */,
			);
			defaultConfigurationIsVisible = 0;
			defaultConfigurationName = Release;
		};
/* End XCConfigurationList section */
	};
	rootObject = A7587CB5203E4D7D003060DE /* Project object */;
}
